<?xml version="1.0" encoding="utf-8"?>
<Project ToolsVersion="4.0" xmlns="http://schemas.microsoft.com/developer/msbuild/2003">
  <ItemGroup>
    <Filter Include="Source Files">
      <UniqueIdentifier>{4FC737F1-C7A5-4376-A066-2A32D752A2FF}</UniqueIdentifier>
      <Extensions>cpp;c;cc;cxx;def;odl;idl;hpj;bat;asm;asmx</Extensions>
    </Filter>
    <Filter Include="Source Files\components">
      <UniqueIdentifier>{03aca62a-539c-483b-a617-3962096ad6d2}</UniqueIdentifier>
    </Filter>
    <Filter Include="Source Files\systems">
      <UniqueIdentifier>{2fd80c5a-4a92-427b-ad5f-c6b59d3487ce}</UniqueIdentifier>
    </Filter>
    <Filter Include="Source Files\scenes">
      <UniqueIdentifier>{4801f818-4c23-4701-b460-903aa51e7fc8}</UniqueIdentifier>
    </Filter>
  </ItemGroup>
  <ItemGroup>
    <ClCompile Include="main.cpp">
      <Filter>Source Files</Filter>
    </ClCompile>
    <ClCompile Include="animation.cpp">
      <Filter>Source Files</Filter>
    </ClCompile>
    <ClCompile Include="resources.cpp">
      <Filter>Source Files</Filter>
    </ClCompile>
    <ClCompile Include="systems\velocity_system.cpp">
      <Filter>Source Files\systems</Filter>
    </ClCompile>
    <ClCompile Include="texture_loader.cpp">
      <Filter>Source Files</Filter>
    </ClCompile>
    <ClCompile Include="components\position_component.cpp">
      <Filter>Source Files\components</Filter>
    </ClCompile>
    <ClCompile Include="components\velocity_component.cpp">
      <Filter>Source Files\components</Filter>
    </ClCompile>
    <ClCompile Include="components\animation_component.cpp">
      <Filter>Source Files\components</Filter>
    </ClCompile>
    <ClCompile Include="systems\animation_system.cpp">
      <Filter>Source Files\systems</Filter>
    </ClCompile>
    <ClCompile Include="components\sprite_component.cpp">
      <Filter>Source Files\components</Filter>
    </ClCompile>
    <ClCompile Include="systems\render_system.cpp">
      <Filter>Source Files\systems</Filter>
    </ClCompile>
    <ClCompile Include="game_context.cpp">
      <Filter>Source Files</Filter>
    </ClCompile>
    <ClCompile Include="scenes\pause_scene.cpp">
      <Filter>Source Files\scenes</Filter>
    </ClCompile>
    <ClCompile Include="scenes\game_scene.cpp">
      <Filter>Source Files\scenes</Filter>
    </ClCompile>
    <ClCompile Include="scene_director.cpp">
      <Filter>Source Files</Filter>
    </ClCompile>
  </ItemGroup>
  <ItemGroup>
    <ClInclude Include="resources.h">
      <Filter>Source Files</Filter>
    </ClInclude>
    <ClInclude Include="animation.h">
      <Filter>Source Files</Filter>
    </ClInclude>
    <ClInclude Include="mpl.h">
      <Filter>Source Files</Filter>
    </ClInclude>
    <ClInclude Include="entity.h">
      <Filter>Source Files</Filter>
    </ClInclude>
    <ClInclude Include="game_context.h">
      <Filter>Source Files</Filter>
    </ClInclude>
    <ClInclude Include="systems\velocity_system.h">
      <Filter>Source Files\systems</Filter>
    </ClInclude>
    <ClInclude Include="texture_loader.h">
      <Filter>Source Files</Filter>
    </ClInclude>
    <ClInclude Include="components\position_component.h">
      <Filter>Source Files\components</Filter>
    </ClInclude>
    <ClInclude Include="components\velocity_component.h">
      <Filter>Source Files\components</Filter>
    </ClInclude>
    <ClInclude Include="components\animation_component.h">
      <Filter>Source Files\components</Filter>
    </ClInclude>
    <ClInclude Include="systems\animation_system.h">
      <Filter>Source Files\systems</Filter>
    </ClInclude>
    <ClInclude Include="components\sprite_component.h">
      <Filter>Source Files\components</Filter>
    </ClInclude>
    <ClInclude Include="systems\render_system.h">
      <Filter>Source Files\systems</Filter>
    </ClInclude>
    <ClInclude Include="world.h">
      <Filter>Source Files</Filter>
    </ClInclude>
    <ClInclude Include="scenes\pause_scene.h">
      <Filter>Source Files\scenes</Filter>
    </ClInclude>
    <ClInclude Include="scenes\game_scene.h">
      <Filter>Source Files\scenes</Filter>
    </ClInclude>
    <ClInclude Include="scene_director.h">
      <Filter>Source Files</Filter>
    </ClInclude>
    <ClInclude Include="resource_loader.h">
      <Filter>Source Files</Filter>
    </ClInclude>
  </ItemGroup>
</Project>